
Microsoft Visual Studio Solution File, Format Version 12.00
# Visual Studio 15
VisualStudioVersion = 15.0.28307.168
MinimumVisualStudioVersion = 10.0.40219.1
Project("{FAE04EC0-301F-11D3-BF4B-00C04F79EFBC}") = "YNABKwikTripToCSV", "YNABKwikTripToCSV.csproj", "{4E880EF0-3830-436C-B526-4997356AA972}"
EndProject
Global
	GlobalSection(SolutionConfigurationPlatforms) = preSolution
		Debug|Any CPU = Debug|Any CPU
		Release|Any CPU = Release|Any CPU
	EndGlobalSection
	GlobalSection(ProjectConfigurationPlatforms) = postSolution
		{4E880EF0-3830-436C-B526-4997356AA972}.Debug|Any CPU.ActiveCfg = Debug|Any CPU
		{4E880EF0-3830-436C-B526-4997356AA972}.Debug|Any CPU.Build.0 = Debug|Any CPU
		{4E880EF0-3830-436C-B526-4997356AA972}.Release|Any CPU.ActiveCfg = Release|Any CPU
		{4E880EF0-3830-436C-B526-4997356AA972}.Release|Any CPU.Build.0 = Release|Any CPU
	EndGlobalSection
	GlobalSection(SolutionProperties) = preSolution
		HideSolutionNode = FALSE
	EndGlobalSection
	GlobalSection(ExtensibilityGlobals) = postSolution
		SolutionGuid = {592BB20A-D1AD-4660-8D51-C1AA2109F942}
	EndGlobalSection
EndGlobal
